
Microsoft Visual Studio Solution File, Format Version 12.00
# Visual Studio 15
VisualStudioVersion = 15.0.27130.2010
MinimumVisualStudioVersion = 10.0.40219.1
Project("{FAE04EC0-301F-11D3-BF4B-00C04F79EFBC}") = "TrainingTracker", "TrainingTracker\TrainingTracker.csproj", "{78791CCE-94E7-458D-97FE-585D2FEF72DD}"
EndProject
Project("{FAE04EC0-301F-11D3-BF4B-00C04F79EFBC}") = "MessagingSystem", "..\MessagingSystem\MessagingSystem\MessagingSystem.csproj", "{568957DD-7EDD-4BBE-8250-D1FDA8FD6269}"
EndProject
Global
	GlobalSection(SolutionConfigurationPlatforms) = preSolution
		Debug|Any CPU = Debug|Any CPU
		Release|Any CPU = Release|Any CPU
	EndGlobalSection
	GlobalSection(ProjectConfigurationPlatforms) = postSolution
		{78791CCE-94E7-458D-97FE-585D2FEF72DD}.Debug|Any CPU.ActiveCfg = Debug|Any CPU
		{78791CCE-94E7-458D-97FE-585D2FEF72DD}.Debug|Any CPU.Build.0 = Debug|Any CPU
		{78791CCE-94E7-458D-97FE-585D2FEF72DD}.Release|Any CPU.ActiveCfg = Release|Any CPU
		{78791CCE-94E7-458D-97FE-585D2FEF72DD}.Release|Any CPU.Build.0 = Release|Any CPU
		{568957DD-7EDD-4BBE-8250-D1FDA8FD6269}.Debug|Any CPU.ActiveCfg = Debug|Any CPU
		{568957DD-7EDD-4BBE-8250-D1FDA8FD6269}.Debug|Any CPU.Build.0 = Debug|Any CPU
		{568957DD-7EDD-4BBE-8250-D1FDA8FD6269}.Release|Any CPU.ActiveCfg = Release|Any CPU
		{568957DD-7EDD-4BBE-8250-D1FDA8FD6269}.Release|Any CPU.Build.0 = Release|Any CPU
	EndGlobalSection
	GlobalSection(SolutionProperties) = preSolution
		HideSolutionNode = FALSE
	EndGlobalSection
	GlobalSection(ExtensibilityGlobals) = postSolution
		SolutionGuid = {C5E93A6F-6234-4118-B498-16A4FDFC71FC}
	EndGlobalSection
EndGlobal
